
Microsoft Visual Studio Solution File, Format Version 12.00
# Visual Studio Version 16
VisualStudioVersion = 16.0.31702.278
MinimumVisualStudioVersion = 10.0.40219.1
Project("{FAE04EC0-301F-11D3-BF4B-00C04F79EFBC}") = "ConsoleAppUI", "ConsoleAppUI\ConsoleAppUI.csproj", "{939604FA-0C19-4C45-B9B4-E205F3BDB0DF}"
EndProject
Project("{FAE04EC0-301F-11D3-BF4B-00C04F79EFBC}") = "GustData", "GustData\GustData.csproj", "{2CDF83C7-3B40-45CF-8929-52B7F956C121}"
EndProject
Global
	GlobalSection(SolutionConfigurationPlatforms) = preSolution
		Debug|Any CPU = Debug|Any CPU
		Release|Any CPU = Release|Any CPU
	EndGlobalSection
	GlobalSection(ProjectConfigurationPlatforms) = postSolution
		{939604FA-0C19-4C45-B9B4-E205F3BDB0DF}.Debug|Any CPU.ActiveCfg = Debug|Any CPU
		{939604FA-0C19-4C45-B9B4-E205F3BDB0DF}.Debug|Any CPU.Build.0 = Debug|Any CPU
		{939604FA-0C19-4C45-B9B4-E205F3BDB0DF}.Release|Any CPU.ActiveCfg = Release|Any CPU
		{939604FA-0C19-4C45-B9B4-E205F3BDB0DF}.Release|Any CPU.Build.0 = Release|Any CPU
		{2CDF83C7-3B40-45CF-8929-52B7F956C121}.Debug|Any CPU.ActiveCfg = Debug|Any CPU
		{2CDF83C7-3B40-45CF-8929-52B7F956C121}.Debug|Any CPU.Build.0 = Debug|Any CPU
		{2CDF83C7-3B40-45CF-8929-52B7F956C121}.Release|Any CPU.ActiveCfg = Release|Any CPU
		{2CDF83C7-3B40-45CF-8929-52B7F956C121}.Release|Any CPU.Build.0 = Release|Any CPU
	EndGlobalSection
	GlobalSection(SolutionProperties) = preSolution
		HideSolutionNode = FALSE
	EndGlobalSection
	GlobalSection(ExtensibilityGlobals) = postSolution
		SolutionGuid = {F21075A1-89DA-4B92-B3C2-9671B437DEB7}
	EndGlobalSection
EndGlobal
